# This file is generated by running "yarn install" inside your project.
# Manual changes might be lost - proceed with caution!

__metadata:
  version: 4
  cacheKey: 7

"ansi-styles@npm:^3.2.1":
  version: 3.2.1
  resolution: "ansi-styles@npm:3.2.1"
  dependencies:
    color-convert: ^1.9.0
  checksum: 456e1c23d9277512a47718da75e7fbb0a5ee215ef893c2f76d6b3efe8fceabc861121b80b0362146f5f995d21a1633f05a19bbf6283ae66ac11dc3b9c0bed779
  languageName: node
  linkType: hard

"at-least-node@npm:^1.0.0":
  version: 1.0.0
  resolution: "at-least-node@npm:1.0.0"
  checksum: 8f33efc16287ed39766065c718a2d36a469f702c66c6eb41fa460c0c62bca395301a6a02946e315ae4a84c9cc7f44c94ec73a556bc2a1049350da98d0b013afe
  languageName: node
  linkType: hard

"balanced-match@npm:^1.0.0":
  version: 1.0.0
  resolution: "balanced-match@npm:1.0.0"
  checksum: f515a605fe1b59f476f7477c5e1d53ad55b4f42982fca1d57b6701906f4ad1f1ac90fd6587d92cc1af2edb43eecf979214dd847ee410a6de9db4ebf0dd128d62
  languageName: node
  linkType: hard

"brace-expansion@npm:^1.1.7":
  version: 1.1.11
  resolution: "brace-expansion@npm:1.1.11"
  dependencies:
    balanced-match: ^1.0.0
    concat-map: 0.0.1
  checksum: 4c878e25e4858baf801945dfd63eb68feab2e502cf1122f25f3915c0e3bf397af3a93ff6bef0798db41c0d81ef28c08e55daac38058710f749a3b96eee6b8f40
  languageName: node
  linkType: hard

"braces@npm:^3.0.1":
  version: 3.0.2
  resolution: "braces@npm:3.0.2"
  dependencies:
    fill-range: ^7.0.1
  checksum: f3493181c3e91a1333d3c9afc9b3263a3f62f4ced0b033c372efc1373b48a7699557f4e04026b232a8556e043ca5360a9d3008c33852350138d4b0ea57558b8d
  languageName: node
  linkType: hard

"chalk@npm:^2.4.2":
  version: 2.4.2
  resolution: "chalk@npm:2.4.2"
  dependencies:
    ansi-styles: ^3.2.1
    escape-string-regexp: ^1.0.5
    supports-color: ^5.3.0
  checksum: 22c7b7b5bc761c882bb6516454a1a671923f1c53ff972860065aa0b28a195f230163c1d46ee88bcc7a03e5539177d896457d8bc727de7f244c6e87032743038e
  languageName: node
  linkType: hard

"color-convert@npm:^1.9.0":
  version: 1.9.3
  resolution: "color-convert@npm:1.9.3"
  dependencies:
    color-name: 1.1.3
  checksum: 5f244daa3d1fe1f216d48878c550465067d15268688308554e613b7640a068f96588096d51f0b98b68f15d6ff6bb8ad24e172582ac8c0ad43fa4d3da60fd1b79
  languageName: node
  linkType: hard

"color-name@npm:1.1.3":
  version: 1.1.3
  resolution: "color-name@npm:1.1.3"
  checksum: d8b91bb90aefc05b6ff568cf8889566dcc6269824df6f3c9b8ca842b18d7f4d089c07dc166808d33f22092d4a79167aa56a96a5ff0d21efab548bf44614db43b
  languageName: node
  linkType: hard

"commander@npm:^6.0.0":
  version: 6.1.0
  resolution: "commander@npm:6.1.0"
  checksum: ef1e310c3f430b84f8818ec9c6e5ce1b84909616eb2c1b1a79f646bc25fbca156eccf2ecf19f07e77a08dc519728d53d1300f94f3b2ad93de65add66044dfce6
  languageName: node
  linkType: hard

"comment-json@npm:^3.0.3":
  version: 3.0.3
  resolution: "comment-json@npm:3.0.3"
  dependencies:
    core-util-is: ^1.0.2
    esprima: ^4.0.1
    has-own-prop: ^2.0.0
    repeat-string: ^1.6.1
  checksum: 36e108941af3c5da5eebf98bafa80612fb2b056336d140de6061ee077c940c78085a2efc8665e2f60c4f63a5f54f16e821edb600cd105b2b83c6d5113d818923
  languageName: node
  linkType: hard

"concat-map@npm:0.0.1":
  version: 0.0.1
  resolution: "concat-map@npm:0.0.1"
  checksum: 554e28d9ee5aa6e061795473ee092cb3d3a2cbdb76c35416e0bb6e03f136d7d07676da387b2ed0ec4106cedbb6534080d9abc48ecc4a92b76406cf2d0c3c0c4b
  languageName: node
  linkType: hard

"configstore@npm:^5.0.0, configstore@npm:^5.0.1":
  version: 5.0.1
  resolution: "configstore@npm:5.0.1"
  dependencies:
    dot-prop: ^5.2.0
    graceful-fs: ^4.1.2
    make-dir: ^3.0.0
    unique-string: ^2.0.0
    write-file-atomic: ^3.0.0
    xdg-basedir: ^4.0.0
  checksum: 81dd877bf784af29e7bbeb14e183fef21df07d9eceb3e94601a0689accb168b55f4661c629d32f079f88ea1bff3396434beb0d022414b601e72cf89adf4167e1
  languageName: node
  linkType: hard

"core-util-is@npm:^1.0.2":
  version: 1.0.2
  resolution: "core-util-is@npm:1.0.2"
  checksum: 089015ee3c462dfceba70faa1df83b42a7bb35db26dae6af283247b06fe3216c65fccd9f00eebcaf98300dc31e981d56aae9f90b624f8f6ff1153e235ff88b65
  languageName: node
  linkType: hard

"crypto-random-string@npm:^2.0.0":
  version: 2.0.0
  resolution: "crypto-random-string@npm:2.0.0"
  checksum: 7bc19f6cafe3194a434198c9414941cc36d874e1f85b6fcba573b5623f77a440c0a10a94c0d0da26d7d23d85b6fe07354e589ef1a0fe2d7b32e0bab9e70ca4c1
  languageName: node
  linkType: hard

"cspell-dict-aws@npm:^1.0.6":
  version: 1.0.6
  resolution: "cspell-dict-aws@npm:1.0.6"
  dependencies:
    configstore: ^5.0.1
  bin:
    cspell-dict-aws-link: link.js
    cspell-dict-aws-unlink: unlink.js
  checksum: 821dad92d25c5ce53141fbf6418e1619f74b7ee0bb4dd09ef74f8e6b6c5bdf08614ad4c08ced46e01e32238958f29ffdb1e04340521da8aada22d5c0faa21afa
  languageName: node
  linkType: hard

"cspell-dict-bash@npm:^1.0.4":
  version: 1.0.4
  resolution: "cspell-dict-bash@npm:1.0.4"
  dependencies:
    configstore: ^5.0.1
  bin:
    cspell-dict-bash-link: link.js
    cspell-dict-bash-unlink: unlink.js
  checksum: d1c2d1771c8cdaf0c65f99acc5ef4851a0d45a59678bdf459bd8d3838da2c8866ff15d883b27e9f82662c566dc8f2b1372441e11bd5f28489b5edd8e5c560a2d
  languageName: node
  linkType: hard

"cspell-dict-companies@npm:^1.0.23":
  version: 1.0.23
  resolution: "cspell-dict-companies@npm:1.0.23"
  dependencies:
    configstore: ^5.0.1
  bin:
    cspell-dict-companies-link: link.js
    cspell-dict-companies-unlink: unlink.js
  checksum: c760aa132d1632518babf0471e83c6f5da8b18142a10d6d6ff7dffb4a4b2a104b59b899278e5eaa32af58f703b140b5011fb39d963bbf7a4a8d7d1b076a4cba4
  languageName: node
  linkType: hard

"cspell-dict-cpp@npm:^1.1.27":
  version: 1.1.27
  resolution: "cspell-dict-cpp@npm:1.1.27"
  dependencies:
    configstore: ^5.0.1
  bin:
    cspell-dict-cpp-link: link.js
    cspell-dict-cpp-unlink: unlink.js
  checksum: 87c329694f2e8211ed90bd640bc81a0af1885aa74f358d5cf30c7b6aa5988be23a379bfe250097b0f24f3055b5e5a4c693bfe79cf5fed23fc511993b1e1ebad2
  languageName: node
  linkType: hard

"cspell-dict-cryptocurrencies@npm:^1.0.3":
  version: 1.0.3
  resolution: "cspell-dict-cryptocurrencies@npm:1.0.3"
  dependencies:
    configstore: ^5.0.0
  bin:
    cspell-dict-cryptocurrencies-link: link.js
    cspell-dict-cryptocurrencies-unlink: unlink.js
  checksum: 97250d44e9218711e92edb8a3a54636b16592639d6f3afacebf257d4fa064b465a10059f32476e8547f9ba496a5008332e7333778a097acb9413d09f15641385
  languageName: node
  linkType: hard

"cspell-dict-django@npm:^1.0.16":
  version: 1.0.16
  resolution: "cspell-dict-django@npm:1.0.16"
  dependencies:
    configstore: ^5.0.1
  bin:
    cspell-dict-django-link: link.js
    cspell-dict-django-unlink: unlink.js
  checksum: 458ae14d0b23a6e1a402183016410e245fd61818c7a6c9082a0aa27c1839fe6b2162e9e36c68ea36b92784e9f3642eab6d4281275a6f3ac40fa492716a2cd47d
  languageName: node
  linkType: hard

"cspell-dict-dotnet@npm:^1.0.15":
  version: 1.0.15
  resolution: "cspell-dict-dotnet@npm:1.0.15"
  dependencies:
    configstore: ^5.0.1
  bin:
    cspell-dict-dotnet-link: link.js
    cspell-dict-dotnet-unlink: unlink.js
  checksum: 4b074695c5d8c7ee4fe3ca21f3571b89cf696ac6c09d36fa5d5b0fbdc3232bd4878afa202f754e4b07ac8dde75478dcdb996fdb6626da04ecd2019bdc5563506
  languageName: node
  linkType: hard

"cspell-dict-elixir@npm:^1.0.14":
  version: 1.0.14
  resolution: "cspell-dict-elixir@npm:1.0.14"
  dependencies:
    configstore: ^5.0.1
  bin:
    cspell-dict-elixir-link: link.js
    cspell-dict-elixir-unlink: unlink.js
  checksum: 3e49c43a90f0dd5aecebb874119ff67407a9356406fd17766a1583fea0a55a38b64b89789b33156d5ff1c5a9c3afd9fadb26bb69641e78c64f063527e6156335
  languageName: node
  linkType: hard

"cspell-dict-en-gb@npm:^1.1.17":
  version: 1.1.17
  resolution: "cspell-dict-en-gb@npm:1.1.17"
  dependencies:
    configstore: ^5.0.1
  bin:
    cspell-dict-en-gb-link: link.js
    cspell-dict-en-gb-unlink: unlink.js
  checksum: 9a31ef016c06a3b2a157d31e9b913b267e1f71981e61507d75036f3cba9b2b6ce3351b6124fcf1c5dfbb3b790bcef7493e546b0c48aca0d6c699442b2129b39f
  languageName: node
  linkType: hard

"cspell-dict-en_us@npm:^1.2.27":
  version: 1.2.27
  resolution: "cspell-dict-en_us@npm:1.2.27"
  dependencies:
    configstore: ^5.0.1
  bin:
    cspell-dict-en-us-link: link.js
    cspell-dict-en-us-unlink: unlink.js
  checksum: 9c0e81f76c58a5d1df21abbe1ee507b0b2ad2eeb556111aa9834cb975f42e98e4c8c458e13319c7ba858ade0243001b67490a2780619440f501d959621faf1dc
  languageName: node
  linkType: hard

"cspell-dict-fonts@npm:^1.0.6":
  version: 1.0.6
  resolution: "cspell-dict-fonts@npm:1.0.6"
  dependencies:
    configstore: ^5.0.1
  bin:
    cspell-dict-fonts-link: link.js
    cspell-dict-fonts-unlink: unlink.js
  checksum: 6427757467349b2c684d21a3bf19d4da402d5dbd8b534708d494507ac2abef5f1ef7adba30acfdd8ac14bd3593493cf70a34e0ca01c8d0fd1588e45347883360
  languageName: node
  linkType: hard

"cspell-dict-fullstack@npm:^1.0.24":
  version: 1.0.24
  resolution: "cspell-dict-fullstack@npm:1.0.24"
  dependencies:
    configstore: ^5.0.1
  bin:
    cspell-dict-fullstack-link: link.js
    cspell-dict-fullstack-unlink: unlink.js
  checksum: 640767b43d91f2dc9ff5c6b9b1680e111eeeee1a0cd7a91826a21663d196c7276dba763fccf51c200d053e5eb4e9f469d676e0d3dfad1d663aded55fa7f7d550
  languageName: node
  linkType: hard

"cspell-dict-golang@npm:^1.1.15":
  version: 1.1.15
  resolution: "cspell-dict-golang@npm:1.1.15"
  dependencies:
    configstore: ^5.0.1
  bin:
    cspell-dict-golang-link: link.js
    cspell-dict-golang-unlink: unlink.js
  checksum: f413defb20fc8b7a054f3c8644925f31843f778a7bdf68ed65a37a895d9a32697b4544197c257f2c563d5d7a6643d84ee6d909b3a67000ddaf081fbe1d6e4655
  languageName: node
  linkType: hard

"cspell-dict-haskell@npm:^1.0.5":
  version: 1.0.5
  resolution: "cspell-dict-haskell@npm:1.0.5"
  dependencies:
    configstore: ^5.0.1
  bin:
    cspell-dict-haskell-link: link.js
    cspell-dict-haskell-unlink: unlink.js
  checksum: 5e12045be27b52a3f96f87a40836188f4c992ceb1c4f30aa024241bda1fa6e32fbf24426bbdc987fc7e98ae6a579a8f4ec156c6039fea78d46a880bf59e3ce84
  languageName: node
  linkType: hard

"cspell-dict-html-symbol-entities@npm:^1.0.14":
  version: 1.0.14
  resolution: "cspell-dict-html-symbol-entities@npm:1.0.14"
  dependencies:
    configstore: ^5.0.1
  bin:
    cspell-dict-html-symbol-entities-link: link.js
    cspell-dict-html-symbol-entities-unlink: unlink.js
  checksum: e67c5f9c38a84397cf0b5ebea101634a082a071375e2efc0991b9fd3b7f14443051de9bc79e4b449ffc9de6063316753909315f388897c4e12f5e0519a2065ee
  languageName: node
  linkType: hard

"cspell-dict-java@npm:^1.0.13":
  version: 1.0.13
  resolution: "cspell-dict-java@npm:1.0.13"
  dependencies:
    configstore: ^5.0.1
  bin:
    cspell-dict-java-link: link.js
    cspell-dict-java-unlink: unlink.js
  checksum: daa7788128bfb34d726b2b6a963c339b97d36638bdec53dbd79c57ab5da6c165e729ed1bddddc633ad8b57358600ec402ea176e17567256bcfe4f2db94d608ee
  languageName: node
  linkType: hard

"cspell-dict-latex@npm:^1.0.14":
  version: 1.0.14
  resolution: "cspell-dict-latex@npm:1.0.14"
  dependencies:
    configstore: ^5.0.1
  bin:
    cspell-dict-latex-link: link.js
    cspell-dict-latex-unlink: unlink.js
  checksum: 590a5a958f6ef3ad29dd95caf6d8b4962033778b85a3b5692523c9773c7f39fb487da3f453325e381caa32b313112341bb94d07e31feddb40d0141afb0485234
  languageName: node
  linkType: hard

"cspell-dict-lorem-ipsum@npm:^1.0.12":
  version: 1.0.12
  resolution: "cspell-dict-lorem-ipsum@npm:1.0.12"
  dependencies:
    configstore: ^5.0.1
  bin:
    cspell-dict-lorem-ipsum-link: link.js
    cspell-dict-lorem-ipsum-unlink: unlink.js
  checksum: 7cae1b5ee0e247590114d1b84df95d9a7cdd5aa66eb927b8b318356457aa377b0cffb7c564a89a9196e6b5cc02608fab13f346305024b64ee7f36794e3a707c0
  languageName: node
  linkType: hard

"cspell-dict-lua@npm:^1.0.9":
  version: 1.0.9
  resolution: "cspell-dict-lua@npm:1.0.9"
  dependencies:
    configstore: ^5.0.1
  bin:
    cspell-dict-lua-link: link.js
    cspell-dict-lua-unlink: unlink.js
  checksum: 095d0399c380e582e2d5886d9768d4ec006a65f65f8565c09c85ff4f3d743fc3be16f97618e923d5b1356cfa6c8bbf3f45fdb3a9646174fba80b9457f3b99d87
  languageName: node
  linkType: hard

"cspell-dict-php@npm:^1.0.14":
  version: 1.0.14
  resolution: "cspell-dict-php@npm:1.0.14"
  dependencies:
    configstore: ^5.0.1
  bin:
    cspell-dict-php-link: link.js
    cspell-dict-php-unlink: unlink.js
  checksum: 59c9df07cbb6b9dac2e9bd7d6992f5bc63a3274f072cd5b0dcb0cc3dcb2506e329e101335b46304886ee4d9e957d7afc2f9cc5e24bd42e280184e8872d55c935
  languageName: node
  linkType: hard

"cspell-dict-powershell@npm:^1.0.7":
  version: 1.0.7
  resolution: "cspell-dict-powershell@npm:1.0.7"
  dependencies:
    configstore: ^5.0.1
  bin:
    cspell-dict-powershell-link: link.js
    cspell-dict-powershell-unlink: unlink.js
  checksum: c1c5b3db5fffefe5143902cda8950967065e1324191ebbbec2923cb11b4a28b6cd8d7093433a91afdc30600405380bc964f8aed39b6cf1074abc7cb5c7446c6b
  languageName: node
  linkType: hard

"cspell-dict-python@npm:^1.0.21":
  version: 1.0.21
  resolution: "cspell-dict-python@npm:1.0.21"
  dependencies:
    configstore: ^5.0.1
  bin:
    cspell-dict-python-link: link.js
    cspell-dict-python-unlink: unlink.js
  checksum: bd9873de08b2aae0ec68ec695da216a7954fc0d605b7220192c2351a0eac66c4588390fb7dc029fb4df1a88285e8058a4d01ff153255137e3983897312c99538
  languageName: node
  linkType: hard

"cspell-dict-ruby@npm:^1.0.4":
  version: 1.0.5
  resolution: "cspell-dict-ruby@npm:1.0.5"
  dependencies:
    configstore: ^5.0.1
  bin:
    cspell-dict-ruby-link: link.js
    cspell-dict-ruby-unlink: unlink.js
  checksum: 00ef9a29db0e23d2c685b1de25ef332970a2e55c99bad295fd315b9219037092b312a9a0740db56a7e6274e67f01841233b94cc46e2c46045ad6656c93644361
  languageName: node
  linkType: hard

"cspell-dict-rust@npm:^1.0.13":
  version: 1.0.13
  resolution: "cspell-dict-rust@npm:1.0.13"
  dependencies:
    configstore: ^5.0.1
  bin:
    cspell-dict-rust-link: link.js
    cspell-dict-rust-unlink: unlink.js
  checksum: 1798b1665b752ceec7657590a05ecc290bbf76116a0dc4aa5bb0cb35c2ea5dce3b11501e334fc809cbd23be2c8a4dcd3ec951c1104133d32f662ba2231ea790c
  languageName: node
  linkType: hard

"cspell-dict-scala@npm:^1.0.12":
  version: 1.0.12
  resolution: "cspell-dict-scala@npm:1.0.12"
  dependencies:
    configstore: ^5.0.1
  bin:
    cspell-dict-scala-link: link.js
    cspell-dict-scala-unlink: unlink.js
  checksum: 6e7afc4092165a576481f40a45067b8fcaa49a6d3a29ff51ef141ce0965a75689fc96b52e08e89d658a600f3ea92ab39f15115ed5297a03c5a73fbab72925f3f
  languageName: node
  linkType: hard

"cspell-dict-software-terms@npm:^1.0.11":
  version: 1.0.12
  resolution: "cspell-dict-software-terms@npm:1.0.12"
  dependencies:
    configstore: ^5.0.1
  bin:
    cspell-dict-software-terms-link: link.js
    cspell-dict-software-terms-unlink: unlink.js
  checksum: 791e49f8140bb94401bf71c919d9df852814e8a24bab62978ac84b0f48f2ee3289a21b7ac1caf2c6ca7a92ff5daa232d8d881b14db10dcf96f7bec35c22ab111
  languageName: node
  linkType: hard

"cspell-dict-typescript@npm:^1.0.6":
  version: 1.0.6
  resolution: "cspell-dict-typescript@npm:1.0.6"
  dependencies:
    configstore: ^5.0.1
  bin:
    cspell-dict-typescript-link: link.js
    cspell-dict-typescript-unlink: unlink.js
  checksum: 0a81dd303711580f95bf3c7c5af83c10408a7010c79995b43d788e20f9462db8b6619d16b9ebe3ac9990ee0587304dc39b3183ec54a92aecafee6f64fecaf1cf
  languageName: node
  linkType: hard

"cspell-glob@npm:^0.1.20":
  version: 0.1.20
  resolution: "cspell-glob@npm:0.1.20"
  dependencies:
    micromatch: ^4.0.2
  checksum: 67e0c9609a6d0b1ac56b756b844e25526e2316e1487a40fb799ca32cbf661f935906a69445ea122369478467db03c2597afb94c5e0d8b5510655c6ec0b9d80a5
  languageName: node
  linkType: hard

"cspell-io@npm:^4.1.0":
  version: 4.1.0
  resolution: "cspell-io@npm:4.1.0"
  dependencies:
    iconv-lite: ^0.6.2
    iterable-to-stream: ^1.0.1
  checksum: e1b817a5ccceb7f723052b458395bdad80d402005c1acc5747187d5b1812fcb3feea601bf98323cc6203022c86c9ebaaaa44873963ae2da6977c721d40445d05
  languageName: node
  linkType: hard

"cspell-lib@npm:^4.2.0":
  version: 4.2.0
  resolution: "cspell-lib@npm:4.2.0"
  dependencies:
    comment-json: ^3.0.3
    configstore: ^5.0.1
    cspell-dict-aws: ^1.0.6
    cspell-dict-bash: ^1.0.4
    cspell-dict-companies: ^1.0.23
    cspell-dict-cpp: ^1.1.27
    cspell-dict-cryptocurrencies: ^1.0.3
    cspell-dict-django: ^1.0.16
    cspell-dict-dotnet: ^1.0.15
    cspell-dict-elixir: ^1.0.14
    cspell-dict-en-gb: ^1.1.17
    cspell-dict-en_us: ^1.2.27
    cspell-dict-fonts: ^1.0.6
    cspell-dict-fullstack: ^1.0.24
    cspell-dict-golang: ^1.1.15
    cspell-dict-haskell: ^1.0.5
    cspell-dict-html-symbol-entities: ^1.0.14
    cspell-dict-java: ^1.0.13
    cspell-dict-latex: ^1.0.14
    cspell-dict-lorem-ipsum: ^1.0.12
    cspell-dict-lua: ^1.0.9
    cspell-dict-php: ^1.0.14
    cspell-dict-powershell: ^1.0.7
    cspell-dict-python: ^1.0.21
    cspell-dict-ruby: ^1.0.4
    cspell-dict-rust: ^1.0.13
    cspell-dict-scala: ^1.0.12
    cspell-dict-software-terms: ^1.0.11
    cspell-dict-typescript: ^1.0.6
    cspell-io: ^4.1.0
    cspell-trie-lib: ^4.2.0
    cspell-util-bundle: ^4.1.0
    fs-extra: ^9.0.1
    gensequence: ^3.1.1
    minimatch: ^3.0.4
    vscode-uri: ^2.1.2
  checksum: 6a31f20c4996a5f197782896c3cad6f13ea48fbe7b00fa372da44603ca777ea948434a3ae12db6c4e037ff04e7fbe1c9ac65fb642a9c99441245c4990f5c7687
  languageName: node
  linkType: hard

"cspell-trie-lib@npm:^4.2.0":
  version: 4.2.0
  resolution: "cspell-trie-lib@npm:4.2.0"
  dependencies:
    gensequence: ^3.1.1
  checksum: 8c9592c2608559ecd7892b2802b5011e3dad53504ba19609b396e75645e3065c70ed9031bf302581720a9643d501826fa39d6a6372a9700ef6fb88e96bd1dedd
  languageName: node
  linkType: hard

"cspell-util-bundle@npm:^4.1.0":
  version: 4.1.0
  resolution: "cspell-util-bundle@npm:4.1.0"
  checksum: dcabdac958943e8517fd950d76329aaeafe115785d832a3a097d4171621f73d0860b1f796a511803d7b8dcc0fee7de0adf0d53f303009fb8cd1b7c6f6f7c48b9
  languageName: node
  linkType: hard

"cspell@npm:^4.1.0":
  version: 4.1.0
  resolution: "cspell@npm:4.1.0"
  dependencies:
    chalk: ^2.4.2
    commander: ^6.0.0
    comment-json: ^3.0.3
    cspell-glob: ^0.1.20
    cspell-lib: ^4.2.0
    fs-extra: ^9.0.1
    gensequence: ^3.1.1
    get-stdin: ^7.0.0
    glob: ^7.1.6
    minimatch: ^3.0.4
  bin:
    cspell: bin.js
  checksum: f9a88d7bade2268110d9e00bd4781c0e5744d6fc1fe622e25debece395f8abd5ae4e4ac3c4fc49016c8eef3e79ccaa2e6629abf681dcd87d69acd5f3bb724eee
  languageName: node
  linkType: hard

"dot-prop@npm:^5.2.0":
  version: 5.3.0
  resolution: "dot-prop@npm:5.3.0"
  dependencies:
    is-obj: ^2.0.0
  checksum: 76e6693d8803eeff9cb920988446bf223cf1f6e5b1c0c2fe07a66906392134931a481b11e3c0bd852c5cfc97fad65258bcb4359169ad1d8d624cb3f56932be98
  languageName: node
  linkType: hard

"escape-string-regexp@npm:^1.0.5":
  version: 1.0.5
  resolution: "escape-string-regexp@npm:1.0.5"
  checksum: f9484b8b4c8827d816e0fd905c25ed4b561376a9c220e1430403ea84619bf680c76a883a48cff8b8e091daf55d6a497e37479f9787b9f15f3c421b6054289744
  languageName: node
  linkType: hard

"esprima@npm:^4.0.1":
  version: 4.0.1
  resolution: "esprima@npm:4.0.1"
  bin:
    esparse: ./bin/esparse.js
    esvalidate: ./bin/esvalidate.js
  checksum: 5df45a3d9c95c36800d028ba76d8d4e04e199932b58c2939f462f859fd583e7d39b4a12d3f97986cf272a28a5fe5948ee6e49e36ef63f67b5b48d82a635c5081
  languageName: node
  linkType: hard

"fill-range@npm:^7.0.1":
  version: 7.0.1
  resolution: "fill-range@npm:7.0.1"
  dependencies:
    to-regex-range: ^5.0.1
  checksum: efca43d59b487ad4bc0b2b1cb9e51617c75a7b0159db51fa190c75c3d634ea5fad1ff4750d7c14346add4cd065e3c46e8f99af333edf2b4ec2a424f87e491a85
  languageName: node
  linkType: hard

"fs-extra@npm:^9.0.1":
  version: 9.0.1
  resolution: "fs-extra@npm:9.0.1"
  dependencies:
    at-least-node: ^1.0.0
    graceful-fs: ^4.2.0
    jsonfile: ^6.0.1
    universalify: ^1.0.0
  checksum: b7374cb05819bd95fa15bf74a30fbec3d2b64a0c00d2df67d6e1d6a901a9a7582a1243fe652d27a6cd042b38a2c1cd9ae3b3d100bc98dd041cc2f3e29964884f
  languageName: node
  linkType: hard

"fs.realpath@npm:^1.0.0":
  version: 1.0.0
  resolution: "fs.realpath@npm:1.0.0"
  checksum: 698a91b1695e3926185c9e5b0dd57cf687dceb4eb73799af91e6b2ab741735e2962c366c5af6403ffddae2619914193bd339efa706fdc984d0ffc74b7a3603f4
  languageName: node
  linkType: hard

"gensequence@npm:^3.1.1":
  version: 3.1.1
  resolution: "gensequence@npm:3.1.1"
  checksum: e6c5738f1908f674c5d51595ab6d589532f72ac1990bb41855f73c476aaa1be7963e1a339d0c4474d381787503135f73b30fd104817e8e27a7cdc06cc42e3a1c
  languageName: node
  linkType: hard

"get-stdin@npm:^7.0.0":
  version: 7.0.0
  resolution: "get-stdin@npm:7.0.0"
  checksum: fff64f163097fa3a2ba40b1e3105125f422554485b43694ab3176e37d775052489f0ad31b1d5f59d3fea6054c917779c2c0346f44f4a44f43d4679a638d52283
  languageName: node
  linkType: hard

"glob@npm:^7.1.6":
  version: 7.1.6
  resolution: "glob@npm:7.1.6"
  dependencies:
    fs.realpath: ^1.0.0
    inflight: ^1.0.4
    inherits: 2
    minimatch: ^3.0.4
    once: ^1.3.0
    path-is-absolute: ^1.0.0
  checksum: 789977b52432865bd63846da5c75a6efc2c56abdc0cb5ffcdb8e91eeb67a58fa5594c1195d18b2b4aff99675b0739ed6bd61024b26562e0cca18c8f993efdc82
  languageName: node
  linkType: hard

"graceful-fs@npm:^4.1.2, graceful-fs@npm:^4.1.6, graceful-fs@npm:^4.2.0":
  version: 4.2.4
  resolution: "graceful-fs@npm:4.2.4"
  checksum: d095ee4dc6eacc76814cd52d5d185b860119378a6fd4888e7d4e94983095c54d4f6369942a5e3d759cdbdd4e3ee7eaeb27a39ff938c6ee4610894fd9de46b6cb
  languageName: node
  linkType: hard

"has-flag@npm:^3.0.0":
  version: 3.0.0
  resolution: "has-flag@npm:3.0.0"
  checksum: 63aade480d27aeedb3b5b63a2e069d47d0006bf182338d662e7941cdc024e68a28418e0efa8dc5df30db9c4ee2407f39e6ea3f16cfbc6b83848b450826a28aa0
  languageName: node
  linkType: hard

"has-own-prop@npm:^2.0.0":
  version: 2.0.0
  resolution: "has-own-prop@npm:2.0.0"
  checksum: 8513ff905297afb7b65f4e22012a2c8e20ab006067841015bf338cfd23019b6c7cec89b5192b4cb7eaaa2a5370d2474dc9a0bcfdfd71100c45b8d3be9882f45b
  languageName: node
  linkType: hard

"iconv-lite@npm:^0.6.2":
  version: 0.6.2
  resolution: "iconv-lite@npm:0.6.2"
  dependencies:
    safer-buffer: ">= 2.1.2 < 3.0.0"
  checksum: 0785670120f57b5912c6a4391d6a69914906746d259b59de884dc6d324a52a0abde38d5804f67370192fec6878d01e7306de525568abcea70eb41c2bceb9f547
  languageName: node
  linkType: hard

"imurmurhash@npm:^0.1.4":
  version: 0.1.4
  resolution: "imurmurhash@npm:0.1.4"
  checksum: 34d414d789286f6ef4d2b954c76c7df40dd7cabffef9b9959c8bd148677e98151f4fa5344aae2e3ad2b62308555ccbba3022e535a3e24288c9babb1308e35532
  languageName: node
  linkType: hard

"inflight@npm:^1.0.4":
  version: 1.0.6
  resolution: "inflight@npm:1.0.6"
  dependencies:
    once: ^1.3.0
    wrappy: 1
  checksum: 17c53fc42cbe7f7f471d2bc41b97a0cde4b79a74d5ff59997d3f75210566fa278e17596da526d43de2bd07e222706240ce50e60097e54f2cde2e64cbbb372638
  languageName: node
  linkType: hard

"inherits@npm:2":
  version: 2.0.4
  resolution: "inherits@npm:2.0.4"
  checksum: 98426da247ddfc3dcd7d7daedd90c3ca32d5b08deca08949726f12d49232aef94772a07b36cf4ff833e105ae2ef931777f6de4a6dd8245a216b9299ad4a50bea
  languageName: node
  linkType: hard

"is-number@npm:^7.0.0":
  version: 7.0.0
  resolution: "is-number@npm:7.0.0"
  checksum: eec6e506c6de472af4bdfd0cc477e8aeb76f0a7066c8680fcdfed5324ee31a7d2b59d22313007c58aa80eb937f0c40eefdceedb851997d46b490b49f87160369
  languageName: node
  linkType: hard

"is-obj@npm:^2.0.0":
  version: 2.0.0
  resolution: "is-obj@npm:2.0.0"
  checksum: ffa67ed5df66e37757876cd976380737a0430551789a0457b8c031eaedef8f5c6bc4ab6d903e529efb777545f8718ab73d9badde61c8b08720a3747ccff0b2a0
  languageName: node
  linkType: hard

"is-typedarray@npm:^1.0.0":
  version: 1.0.0
  resolution: "is-typedarray@npm:1.0.0"
  checksum: 4e21156e7360a5916eded35c5938adf6278299a8055640864eebb251e4351cd605beccddf9af27477e19f753d453412fe0c21379bb54b55cfdf5add263076959
  languageName: node
  linkType: hard

"iterable-to-stream@npm:^1.0.1":
  version: 1.0.1
  resolution: "iterable-to-stream@npm:1.0.1"
  checksum: 0526f2ce164b03c75108986077e40fa3e22b68490c8773171d03611ed729e650ce2702019712f78a9e9f504dfa2d7ddaa596b6f50be293f135dfd3d2c733e7a6
  languageName: node
  linkType: hard

"js-tokens@npm:^3.0.0 || ^4.0.0":
  version: 4.0.0
  resolution: "js-tokens@npm:4.0.0"
  checksum: 1fc4e4667ac2d972aba65148b9cbf9c17566b2394d3504238d8492bbd3e68f496c657eab06b26b40b17db5cac0a34d153a12130e2d2d2bb6dc2cdc8a4764eb1b
  languageName: node
  linkType: hard

"jsonfile@npm:^6.0.1":
  version: 6.0.1
  resolution: "jsonfile@npm:6.0.1"
  dependencies:
    graceful-fs: ^4.1.6
    universalify: ^1.0.0
  dependenciesMeta:
    graceful-fs:
      optional: true
  checksum: ebd6932424db468226b0b525b5b8acefd97e46f4fc5f36232c94e928b405716b47b2d7c2342025ecd7a0219f2146ae613d33878b917505698b7dc36ebe082c11
  languageName: node
  linkType: hard

"loose-envify@npm:^1.1.0, loose-envify@npm:^1.4.0":
  version: 1.4.0
  resolution: "loose-envify@npm:1.4.0"
  dependencies:
    js-tokens: ^3.0.0 || ^4.0.0
  bin:
    loose-envify: cli.js
  checksum: 5c3b47bbe5f597a3889fb001a3a98aaea2a3fafa48089c19034de1e0121bf57dbee609d184478514d74d5c5a7e9cfa3d846343455e5123b060040d46c39e91dc
  languageName: node
  linkType: hard

"make-dir@npm:^3.0.0":
  version: 3.1.0
  resolution: "make-dir@npm:3.1.0"
  dependencies:
    semver: ^6.0.0
  checksum: 54b6f186c209c1b133d0d1710e6b04c41ebfcb0dac699e5a369ea1223f22c0574ef820b91db37cae6c245f5bda8aff9bfec94f6c23e7d75970446b34a58a79b0
  languageName: node
  linkType: hard

"micromatch@npm:^4.0.2":
  version: 4.0.2
  resolution: "micromatch@npm:4.0.2"
  dependencies:
    braces: ^3.0.1
    picomatch: ^2.0.5
  checksum: 0cb0e11d647cbb65e398a0a8a1340a7fb751ae2722346219c435704cfac8b3275a94a6464236fe867f52ad46a24046d3bc4ac11b3d21ddb73bc44e27cf1e4904
  languageName: node
  linkType: hard

"minimatch@npm:^3.0.4":
  version: 3.0.4
  resolution: "minimatch@npm:3.0.4"
  dependencies:
    brace-expansion: ^1.1.7
  checksum: 47eab9263962cacd5733e274ecad2d8e54b0f8e124ba35ae69189e296058f634a4967b87a98954f86fa5c830ff177caf827ce0136d28717ed3232951fb4fae62
  languageName: node
  linkType: hard

"object-assign@npm:^4.1.1":
  version: 4.1.1
  resolution: "object-assign@npm:4.1.1"
  checksum: 66cf021898fc1b13ea573ea8635fbd5a76533f50cecbc2fcd5eee1e8029af41bcebe7023788b6d0e06cbe4401ecea075d972f78ec74467cdc571a0f1a4d1a081
  languageName: node
  linkType: hard

"once@npm:^1.3.0":
  version: 1.4.0
  resolution: "once@npm:1.4.0"
  dependencies:
    wrappy: 1
  checksum: 57afc246536cf6494437f982b26475f22bee860f8b77ce8eb1543f42a8bffe04b2c66ddfea9a16cb25ccb80943f8ee4fc639367ef97b7a6a4f2672eb573963f5
  languageName: node
  linkType: hard

"path-is-absolute@npm:^1.0.0":
  version: 1.0.1
  resolution: "path-is-absolute@npm:1.0.1"
  checksum: 907e1e3e6ac0aef6e65adffd75b3892191d76a5b94c5cf26b43667c4240531d11872ca6979c209b2e5e1609f7f579d02f64ba9936b48bb59d36cc529f0d965ed
  languageName: node
  linkType: hard

"picomatch@npm:^2.0.5":
  version: 2.2.2
  resolution: "picomatch@npm:2.2.2"
  checksum: 20fa75e0a58b39d83425b3db68744d5f6f361fd4fd66ec7745d884036d502abba0d553a637703af79939b844164b13e60eea339ccb043d7fbd74c3da2592b864
  languageName: node
  linkType: hard

"prop-types@npm:^15.6.2":
  version: 15.7.2
  resolution: "prop-types@npm:15.7.2"
  dependencies:
    loose-envify: ^1.4.0
    object-assign: ^4.1.1
    react-is: ^16.8.1
  checksum: a440dd406c5cf53bf39f3e898d2c65178511d34ca3c8c789b30c177992408b9e4273969726b274719aa69ccce5ab34b2fd8caa60b90f23cd2e910cdcf682de52
  languageName: node
  linkType: hard

"react-is@npm:^16.8.1":
  version: 16.13.1
  resolution: "react-is@npm:16.13.1"
  checksum: 11bcf1267a314a522615f626f3ce3727a3a24cdbf61c4d452add3550a7875326669631326cfb1ba3e92b6f72244c32ffecf93ad21c0cad8455d3e169d0e3f060
  languageName: node
  linkType: hard

"react@npm:^16.13.1":
  version: 16.13.1
  resolution: "react@npm:16.13.1"
  dependencies:
    loose-envify: ^1.1.0
    object-assign: ^4.1.1
    prop-types: ^15.6.2
  checksum: 13dcc9ba8a7521ecc3d7e69998dbc5703ae9515308d06a94a474ad34b42f1fc109372265e924a8c9b11d20fa1828407c290b8f61617c36734c4ca907ae7e5f45
  languageName: node
  linkType: hard

"repeat-string@npm:^1.6.1":
  version: 1.6.1
  resolution: "repeat-string@npm:1.6.1"
  checksum: 99c431ba7bef7a5d39819d562ebca89206368b45f73213677a3b562e25b5dd272d9e6a2ca8105001df14b6fc8cc71f0b10258c86e16cf8a256318fac1ddc8a77
  languageName: node
  linkType: hard

"repro-cspell-yarn2@workspace:.":
  version: 0.0.0-use.local
  resolution: "repro-cspell-yarn2@workspace:."
  dependencies:
    cspell: ^4.1.0
    react: ^16.13.1
  languageName: unknown
  linkType: soft

"safer-buffer@npm:>= 2.1.2 < 3.0.0":
  version: 2.1.2
  resolution: "safer-buffer@npm:2.1.2"
  checksum: 549ba83f5b314b59898efe3422120ce1ca7987a6eae5925a5fa5db930dc414d4a9dde0a5594f89638cd6ea60b6840ea961872908933ac2428d1726489db46fa5
  languageName: node
  linkType: hard

"semver@npm:^6.0.0":
  version: 6.3.0
  resolution: "semver@npm:6.3.0"
  bin:
    semver: ./bin/semver.js
  checksum: f0d155c06a67cc7e500c92d929339f1c6efd4ce9fe398aee6acc00a2333489cca0f5b4e76ee7292beba237fcca4b5a3d4a6153471f105f56299801bdab37289f
  languageName: node
  linkType: hard

"signal-exit@npm:^3.0.2":
  version: 3.0.3
  resolution: "signal-exit@npm:3.0.3"
  checksum: f8f3fec95c8d1f9ad7e3cce07e1195f84e7a85cdcb4e825e8a2b76aa5406a039083d2bc9662b3cf40e6948262f41277047d20e6fbd58c77edced0b18fab647d8
  languageName: node
  linkType: hard

"supports-color@npm:^5.3.0":
  version: 5.5.0
  resolution: "supports-color@npm:5.5.0"
  dependencies:
    has-flag: ^3.0.0
  checksum: edacee6425498440744c418be94b0660181aad2a1828bcf2be85c42bd385da2fd8b2b358d9b62b0c5b03ff5cd3e992458d7b8f879d9fb42f2201fe05a4848a29
  languageName: node
  linkType: hard

"to-regex-range@npm:^5.0.1":
  version: 5.0.1
  resolution: "to-regex-range@npm:5.0.1"
  dependencies:
    is-number: ^7.0.0
  checksum: 2b6001e314e4998a07137c197e333fac2f86d46d0593da90b678ae64e2daa07274b508f83cca09e6b3504cdf222497dcb5b7daceb6dc13a9a8872f58a27db907
  languageName: node
  linkType: hard

"typedarray-to-buffer@npm:^3.1.5":
  version: 3.1.5
  resolution: "typedarray-to-buffer@npm:3.1.5"
  dependencies:
    is-typedarray: ^1.0.0
  checksum: e6e0e6812acc3496612d81abe026bb6c71bfc0f3daa00716a3236fe37c46a81508de8306df8a29ae81e2a2c4293b6b8067c77b65003e0022134d544902b9acec
  languageName: node
  linkType: hard

"unique-string@npm:^2.0.0":
  version: 2.0.0
  resolution: "unique-string@npm:2.0.0"
  dependencies:
    crypto-random-string: ^2.0.0
  checksum: a2748b41eaada391800773c16674fe4e9a3f078162e49b2c6b4e67d36061a0f97be4b7851136d786ed5e4ddc90770400fd54bf32aed1e08ec9a9219d9b66bad3
  languageName: node
  linkType: hard

"universalify@npm:^1.0.0":
  version: 1.0.0
  resolution: "universalify@npm:1.0.0"
  checksum: d74303a8d9ff18598804f3e9f261c9376cad55b81a92346f086e59261803ae75bef347044dd6a25549eb3b1490c0dd106dc07154cd7ccad8f037fdae947c125d
  languageName: node
  linkType: hard

"vscode-uri@npm:^2.1.2":
  version: 2.1.2
  resolution: "vscode-uri@npm:2.1.2"
  checksum: e911d2a2bbb2d087eb212f3c9f8e71de1bb8bc91c8aa5f07134e5dd7e5a85f8d6d629f4aa177e36c6295eba08e3d44594763b3296b607dc233d239985ee44d38
  languageName: node
  linkType: hard

"wrappy@npm:1":
  version: 1.0.2
  resolution: "wrappy@npm:1.0.2"
  checksum: 519fcda0fcdf0c16327be2de9d98646742307bc830277e8868529fcf7566f2b330a6453c233e0cdcb767d5838dd61a90984a02ecc983bcddebea5ad0833bbf98
  languageName: node
  linkType: hard

"write-file-atomic@npm:^3.0.0":
  version: 3.0.3
  resolution: "write-file-atomic@npm:3.0.3"
  dependencies:
    imurmurhash: ^0.1.4
    is-typedarray: ^1.0.0
    signal-exit: ^3.0.2
    typedarray-to-buffer: ^3.1.5
  checksum: a26a8699c30cdc81d041b2c1049c6773f1e8401edda365874e9ca2dcf1fcf024dfeb43eea5e08c2e9b4e77be08a160d37f8d6c5d8c2d3ceccdf3d06e5cb38d35
  languageName: node
  linkType: hard

"xdg-basedir@npm:^4.0.0":
  version: 4.0.0
  resolution: "xdg-basedir@npm:4.0.0"
  checksum: 928953cb7dda8e2475932f748847a3aae751f44864a0067b03e5ca66820a36e1e9ffb647f9b06fb68ebcb0b9d06d5aee630717a1d2501be14cec99f82efa2fe6
  languageName: node
  linkType: hard
